
Microsoft Visual Studio Solution File, Format Version 12.00
# Visual Studio Version 17
VisualStudioVersion = 17.9.34701.34
MinimumVisualStudioVersion = 10.0.40219.1
Project("{FAE04EC0-301F-11D3-BF4B-00C04F79EFBC}") = "Practical_16_Consuming_Web_Services", "Practical_16_Consuming_Web_Services\Practical_16_Consuming_Web_Services.csproj", "{607F96C4-F040-4BE1-8293-94BBD1BB9716}"
EndProject
Project("{FAE04EC0-301F-11D3-BF4B-00C04F79EFBC}") = "CalculatorApplication", "CalculatorApplication\CalculatorApplication.csproj", "{8E3FAD78-5D9F-45CE-A1F1-9B2B918E8BE8}"
	ProjectSection(ProjectDependencies) = postProject
		{607F96C4-F040-4BE1-8293-94BBD1BB9716} = {607F96C4-F040-4BE1-8293-94BBD1BB9716}
	EndProjectSection
EndProject
Global
	GlobalSection(SolutionConfigurationPlatforms) = preSolution
		Debug|Any CPU = Debug|Any CPU
		Release|Any CPU = Release|Any CPU
	EndGlobalSection
	GlobalSection(ProjectConfigurationPlatforms) = postSolution
		{607F96C4-F040-4BE1-8293-94BBD1BB9716}.Debug|Any CPU.ActiveCfg = Debug|Any CPU
		{607F96C4-F040-4BE1-8293-94BBD1BB9716}.Debug|Any CPU.Build.0 = Debug|Any CPU
		{607F96C4-F040-4BE1-8293-94BBD1BB9716}.Release|Any CPU.ActiveCfg = Release|Any CPU
		{607F96C4-F040-4BE1-8293-94BBD1BB9716}.Release|Any CPU.Build.0 = Release|Any CPU
		{8E3FAD78-5D9F-45CE-A1F1-9B2B918E8BE8}.Debug|Any CPU.ActiveCfg = Debug|Any CPU
		{8E3FAD78-5D9F-45CE-A1F1-9B2B918E8BE8}.Debug|Any CPU.Build.0 = Debug|Any CPU
		{8E3FAD78-5D9F-45CE-A1F1-9B2B918E8BE8}.Release|Any CPU.ActiveCfg = Release|Any CPU
		{8E3FAD78-5D9F-45CE-A1F1-9B2B918E8BE8}.Release|Any CPU.Build.0 = Release|Any CPU
	EndGlobalSection
	GlobalSection(SolutionProperties) = preSolution
		HideSolutionNode = FALSE
	EndGlobalSection
	GlobalSection(ExtensibilityGlobals) = postSolution
		SolutionGuid = {359E077F-0632-461D-9885-EBBA7016B0E8}
	EndGlobalSection
EndGlobal
