
Microsoft Visual Studio Solution File, Format Version 12.00
# Visual Studio Version 17
VisualStudioVersion = 17.9.34701.34
MinimumVisualStudioVersion = 10.0.40219.1
Project("{FAE04EC0-301F-11D3-BF4B-00C04F79EFBC}") = "Practical_14_Client-side-session-management", "Practical_14_Client-side-session-management\Practical_14_Client-side-session-management.csproj", "{EC6BFE09-F17A-43B1-A981-B487BD75637C}"
EndProject
Global
	GlobalSection(SolutionConfigurationPlatforms) = preSolution
		Debug|Any CPU = Debug|Any CPU
		Release|Any CPU = Release|Any CPU
	EndGlobalSection
	GlobalSection(ProjectConfigurationPlatforms) = postSolution
		{EC6BFE09-F17A-43B1-A981-B487BD75637C}.Debug|Any CPU.ActiveCfg = Debug|Any CPU
		{EC6BFE09-F17A-43B1-A981-B487BD75637C}.Debug|Any CPU.Build.0 = Debug|Any CPU
		{EC6BFE09-F17A-43B1-A981-B487BD75637C}.Release|Any CPU.ActiveCfg = Release|Any CPU
		{EC6BFE09-F17A-43B1-A981-B487BD75637C}.Release|Any CPU.Build.0 = Release|Any CPU
	EndGlobalSection
	GlobalSection(SolutionProperties) = preSolution
		HideSolutionNode = FALSE
	EndGlobalSection
	GlobalSection(ExtensibilityGlobals) = postSolution
		SolutionGuid = {63C1AA2D-DFE1-4564-999A-E76E43A03DB7}
	EndGlobalSection
EndGlobal
