
Microsoft Visual Studio Solution File, Format Version 12.00
# Visual Studio Version 17
VisualStudioVersion = 17.9.34701.34
MinimumVisualStudioVersion = 10.0.40219.1
Project("{FAE04EC0-301F-11D3-BF4B-00C04F79EFBC}") = "Practical_4_Registration_form", "Practical_4_Registration_form\Practical_4_Registration_form.csproj", "{19A26E33-4912-4F50-A88F-11335818CB97}"
EndProject
Global
	GlobalSection(SolutionConfigurationPlatforms) = preSolution
		Debug|Any CPU = Debug|Any CPU
		Release|Any CPU = Release|Any CPU
	EndGlobalSection
	GlobalSection(ProjectConfigurationPlatforms) = postSolution
		{19A26E33-4912-4F50-A88F-11335818CB97}.Debug|Any CPU.ActiveCfg = Debug|Any CPU
		{19A26E33-4912-4F50-A88F-11335818CB97}.Debug|Any CPU.Build.0 = Debug|Any CPU
		{19A26E33-4912-4F50-A88F-11335818CB97}.Release|Any CPU.ActiveCfg = Release|Any CPU
		{19A26E33-4912-4F50-A88F-11335818CB97}.Release|Any CPU.Build.0 = Release|Any CPU
	EndGlobalSection
	GlobalSection(SolutionProperties) = preSolution
		HideSolutionNode = FALSE
	EndGlobalSection
	GlobalSection(ExtensibilityGlobals) = postSolution
		SolutionGuid = {4D37EFD0-95AB-474B-9F0A-6BB62A12665A}
	EndGlobalSection
EndGlobal
