
Microsoft Visual Studio Solution File, Format Version 12.00
# Visual Studio Version 17
VisualStudioVersion = 17.9.34701.34
MinimumVisualStudioVersion = 10.0.40219.1
Project("{FAE04EC0-301F-11D3-BF4B-00C04F79EFBC}") = "Practical_12_LINQ", "Practical_12_LINQ\Practical_12_LINQ.csproj", "{36177C68-1950-4E33-8E80-04E1F27BBC8E}"
EndProject
Global
	GlobalSection(SolutionConfigurationPlatforms) = preSolution
		Debug|Any CPU = Debug|Any CPU
		Release|Any CPU = Release|Any CPU
	EndGlobalSection
	GlobalSection(ProjectConfigurationPlatforms) = postSolution
		{36177C68-1950-4E33-8E80-04E1F27BBC8E}.Debug|Any CPU.ActiveCfg = Debug|Any CPU
		{36177C68-1950-4E33-8E80-04E1F27BBC8E}.Debug|Any CPU.Build.0 = Debug|Any CPU
		{36177C68-1950-4E33-8E80-04E1F27BBC8E}.Release|Any CPU.ActiveCfg = Release|Any CPU
		{36177C68-1950-4E33-8E80-04E1F27BBC8E}.Release|Any CPU.Build.0 = Release|Any CPU
	EndGlobalSection
	GlobalSection(SolutionProperties) = preSolution
		HideSolutionNode = FALSE
	EndGlobalSection
	GlobalSection(ExtensibilityGlobals) = postSolution
		SolutionGuid = {4F64EAC9-5837-44E0-9D19-196271B0579A}
	EndGlobalSection
EndGlobal
