
Microsoft Visual Studio Solution File, Format Version 12.00
# Visual Studio Version 17
VisualStudioVersion = 17.9.34701.34
MinimumVisualStudioVersion = 10.0.40219.1
Project("{FAE04EC0-301F-11D3-BF4B-00C04F79EFBC}") = "Farmer_Table_Connection_Oriented_Architecture", "Farmer_Table_Connection_Oriented_Architecture\Farmer_Table_Connection_Oriented_Architecture.csproj", "{EE6FA517-01B2-47A9-862B-61C4EE5D41BE}"
EndProject
Global
	GlobalSection(SolutionConfigurationPlatforms) = preSolution
		Debug|Any CPU = Debug|Any CPU
		Release|Any CPU = Release|Any CPU
	EndGlobalSection
	GlobalSection(ProjectConfigurationPlatforms) = postSolution
		{EE6FA517-01B2-47A9-862B-61C4EE5D41BE}.Debug|Any CPU.ActiveCfg = Debug|Any CPU
		{EE6FA517-01B2-47A9-862B-61C4EE5D41BE}.Debug|Any CPU.Build.0 = Debug|Any CPU
		{EE6FA517-01B2-47A9-862B-61C4EE5D41BE}.Release|Any CPU.ActiveCfg = Release|Any CPU
		{EE6FA517-01B2-47A9-862B-61C4EE5D41BE}.Release|Any CPU.Build.0 = Release|Any CPU
	EndGlobalSection
	GlobalSection(SolutionProperties) = preSolution
		HideSolutionNode = FALSE
	EndGlobalSection
	GlobalSection(ExtensibilityGlobals) = postSolution
		SolutionGuid = {7EAF50F9-A728-497D-9492-192BE46AB588}
	EndGlobalSection
EndGlobal
