
Microsoft Visual Studio Solution File, Format Version 12.00
# Visual Studio Version 17
VisualStudioVersion = 17.9.34701.34
MinimumVisualStudioVersion = 10.0.40219.1
Project("{FAE04EC0-301F-11D3-BF4B-00C04F79EFBC}") = "Doctor LINQ", "Doctor LINQ\Doctor LINQ.csproj", "{38B9D2A8-827D-4BCE-9526-8B628AE70B43}"
EndProject
Global
	GlobalSection(SolutionConfigurationPlatforms) = preSolution
		Debug|Any CPU = Debug|Any CPU
		Release|Any CPU = Release|Any CPU
	EndGlobalSection
	GlobalSection(ProjectConfigurationPlatforms) = postSolution
		{38B9D2A8-827D-4BCE-9526-8B628AE70B43}.Debug|Any CPU.ActiveCfg = Debug|Any CPU
		{38B9D2A8-827D-4BCE-9526-8B628AE70B43}.Debug|Any CPU.Build.0 = Debug|Any CPU
		{38B9D2A8-827D-4BCE-9526-8B628AE70B43}.Release|Any CPU.ActiveCfg = Release|Any CPU
		{38B9D2A8-827D-4BCE-9526-8B628AE70B43}.Release|Any CPU.Build.0 = Release|Any CPU
	EndGlobalSection
	GlobalSection(SolutionProperties) = preSolution
		HideSolutionNode = FALSE
	EndGlobalSection
	GlobalSection(ExtensibilityGlobals) = postSolution
		SolutionGuid = {152ADD84-23B3-40AB-A70D-9A47400ABEC5}
	EndGlobalSection
EndGlobal
