
Microsoft Visual Studio Solution File, Format Version 12.00
# Visual Studio Version 17
VisualStudioVersion = 17.9.34701.34
MinimumVisualStudioVersion = 10.0.40219.1
Project("{FAE04EC0-301F-11D3-BF4B-00C04F79EFBC}") = "Parctical_17_Produce_Consume_WCF_Service", "Parctical_17_Produce_Consume_WCF_Service\Parctical_17_Produce_Consume_WCF_Service.csproj", "{2D174417-8AFD-40B8-8F13-1A99E511617F}"
EndProject
Project("{FAE04EC0-301F-11D3-BF4B-00C04F79EFBC}") = "display_Student_Details", "display_Student_Details\display_Student_Details.csproj", "{77F52529-6A28-469D-B9FF-58AEBA5B52D5}"
	ProjectSection(ProjectDependencies) = postProject
		{2D174417-8AFD-40B8-8F13-1A99E511617F} = {2D174417-8AFD-40B8-8F13-1A99E511617F}
	EndProjectSection
EndProject
Global
	GlobalSection(SolutionConfigurationPlatforms) = preSolution
		Debug|Any CPU = Debug|Any CPU
		Release|Any CPU = Release|Any CPU
	EndGlobalSection
	GlobalSection(ProjectConfigurationPlatforms) = postSolution
		{2D174417-8AFD-40B8-8F13-1A99E511617F}.Debug|Any CPU.ActiveCfg = Debug|Any CPU
		{2D174417-8AFD-40B8-8F13-1A99E511617F}.Debug|Any CPU.Build.0 = Debug|Any CPU
		{2D174417-8AFD-40B8-8F13-1A99E511617F}.Release|Any CPU.ActiveCfg = Release|Any CPU
		{2D174417-8AFD-40B8-8F13-1A99E511617F}.Release|Any CPU.Build.0 = Release|Any CPU
		{77F52529-6A28-469D-B9FF-58AEBA5B52D5}.Debug|Any CPU.ActiveCfg = Debug|Any CPU
		{77F52529-6A28-469D-B9FF-58AEBA5B52D5}.Debug|Any CPU.Build.0 = Debug|Any CPU
		{77F52529-6A28-469D-B9FF-58AEBA5B52D5}.Release|Any CPU.ActiveCfg = Release|Any CPU
		{77F52529-6A28-469D-B9FF-58AEBA5B52D5}.Release|Any CPU.Build.0 = Release|Any CPU
	EndGlobalSection
	GlobalSection(SolutionProperties) = preSolution
		HideSolutionNode = FALSE
	EndGlobalSection
	GlobalSection(ExtensibilityGlobals) = postSolution
		SolutionGuid = {75BCFD10-B162-4E3C-BCB0-FC85F7EAB703}
	EndGlobalSection
EndGlobal
